
Microsoft Visual Studio Solution File, Format Version 12.00
# Visual Studio 15
VisualStudioVersion = 15.0.28307.572
MinimumVisualStudioVersion = 10.0.40219.1
Project("{8BC9CEB8-8B4A-11D0-8D11-00A0C91BC942}") = "ClassInheritance", "ClassInheritance\ClassInheritance.vcxproj", "{893E15A9-9531-47C3-B207-52B38415EDCA}"
EndProject
Global
	GlobalSection(SolutionConfigurationPlatforms) = preSolution
		Debug|x64 = Debug|x64
		Debug|x86 = Debug|x86
		Release|x64 = Release|x64
		Release|x86 = Release|x86
	EndGlobalSection
	GlobalSection(ProjectConfigurationPlatforms) = postSolution
		{893E15A9-9531-47C3-B207-52B38415EDCA}.Debug|x64.ActiveCfg = Debug|x64
		{893E15A9-9531-47C3-B207-52B38415EDCA}.Debug|x64.Build.0 = Debug|x64
		{893E15A9-9531-47C3-B207-52B38415EDCA}.Debug|x86.ActiveCfg = Debug|Win32
		{893E15A9-9531-47C3-B207-52B38415EDCA}.Debug|x86.Build.0 = Debug|Win32
		{893E15A9-9531-47C3-B207-52B38415EDCA}.Release|x64.ActiveCfg = Release|x64
		{893E15A9-9531-47C3-B207-52B38415EDCA}.Release|x64.Build.0 = Release|x64
		{893E15A9-9531-47C3-B207-52B38415EDCA}.Release|x86.ActiveCfg = Release|Win32
		{893E15A9-9531-47C3-B207-52B38415EDCA}.Release|x86.Build.0 = Release|Win32
	EndGlobalSection
	GlobalSection(SolutionProperties) = preSolution
		HideSolutionNode = FALSE
	EndGlobalSection
	GlobalSection(ExtensibilityGlobals) = postSolution
		SolutionGuid = {8150FAC6-9107-41E0-B4D8-210E2C0DC4FC}
	EndGlobalSection
EndGlobal
