
Microsoft Visual Studio Solution File, Format Version 12.00
# Visual Studio 15
VisualStudioVersion = 15.0.28307.421
MinimumVisualStudioVersion = 10.0.40219.1
Project("{8BC9CEB8-8B4A-11D0-8D11-00A0C91BC942}") = "PrimeNumber", "PrimeNumber\PrimeNumber.vcxproj", "{07619701-A6CA-4AD1-A77C-CBF5F1B27116}"
EndProject
Global
	GlobalSection(SolutionConfigurationPlatforms) = preSolution
		Debug|x64 = Debug|x64
		Debug|x86 = Debug|x86
		Release|x64 = Release|x64
		Release|x86 = Release|x86
	EndGlobalSection
	GlobalSection(ProjectConfigurationPlatforms) = postSolution
		{07619701-A6CA-4AD1-A77C-CBF5F1B27116}.Debug|x64.ActiveCfg = Debug|x64
		{07619701-A6CA-4AD1-A77C-CBF5F1B27116}.Debug|x64.Build.0 = Debug|x64
		{07619701-A6CA-4AD1-A77C-CBF5F1B27116}.Debug|x86.ActiveCfg = Debug|Win32
		{07619701-A6CA-4AD1-A77C-CBF5F1B27116}.Debug|x86.Build.0 = Debug|Win32
		{07619701-A6CA-4AD1-A77C-CBF5F1B27116}.Release|x64.ActiveCfg = Release|x64
		{07619701-A6CA-4AD1-A77C-CBF5F1B27116}.Release|x64.Build.0 = Release|x64
		{07619701-A6CA-4AD1-A77C-CBF5F1B27116}.Release|x86.ActiveCfg = Release|Win32
		{07619701-A6CA-4AD1-A77C-CBF5F1B27116}.Release|x86.Build.0 = Release|Win32
	EndGlobalSection
	GlobalSection(SolutionProperties) = preSolution
		HideSolutionNode = FALSE
	EndGlobalSection
	GlobalSection(ExtensibilityGlobals) = postSolution
		SolutionGuid = {2E30FF41-5794-415F-8055-52F95F84C56A}
	EndGlobalSection
EndGlobal
