
Microsoft Visual Studio Solution File, Format Version 12.00
# Visual Studio 15
VisualStudioVersion = 15.0.28307.421
MinimumVisualStudioVersion = 10.0.40219.1
Project("{8BC9CEB8-8B4A-11D0-8D11-00A0C91BC942}") = "InputOutput3", "InputOutput3\InputOutput3.vcxproj", "{410A043B-082F-47D2-AE3B-B453A4AD7778}"
EndProject
Global
	GlobalSection(SolutionConfigurationPlatforms) = preSolution
		Debug|x64 = Debug|x64
		Debug|x86 = Debug|x86
		Release|x64 = Release|x64
		Release|x86 = Release|x86
	EndGlobalSection
	GlobalSection(ProjectConfigurationPlatforms) = postSolution
		{410A043B-082F-47D2-AE3B-B453A4AD7778}.Debug|x64.ActiveCfg = Debug|x64
		{410A043B-082F-47D2-AE3B-B453A4AD7778}.Debug|x64.Build.0 = Debug|x64
		{410A043B-082F-47D2-AE3B-B453A4AD7778}.Debug|x86.ActiveCfg = Debug|Win32
		{410A043B-082F-47D2-AE3B-B453A4AD7778}.Debug|x86.Build.0 = Debug|Win32
		{410A043B-082F-47D2-AE3B-B453A4AD7778}.Release|x64.ActiveCfg = Release|x64
		{410A043B-082F-47D2-AE3B-B453A4AD7778}.Release|x64.Build.0 = Release|x64
		{410A043B-082F-47D2-AE3B-B453A4AD7778}.Release|x86.ActiveCfg = Release|Win32
		{410A043B-082F-47D2-AE3B-B453A4AD7778}.Release|x86.Build.0 = Release|Win32
	EndGlobalSection
	GlobalSection(SolutionProperties) = preSolution
		HideSolutionNode = FALSE
	EndGlobalSection
	GlobalSection(ExtensibilityGlobals) = postSolution
		SolutionGuid = {25AD67C4-71EC-4901-9342-8211578534E0}
	EndGlobalSection
EndGlobal
