
Microsoft Visual Studio Solution File, Format Version 12.00
# Visual Studio 15
VisualStudioVersion = 15.0.28307.421
MinimumVisualStudioVersion = 10.0.40219.1
Project("{8BC9CEB8-8B4A-11D0-8D11-00A0C91BC942}") = "NumberGame", "NumberGame\NumberGame.vcxproj", "{E79E60F5-59FA-41FE-9AFE-D111148A4002}"
EndProject
Global
	GlobalSection(SolutionConfigurationPlatforms) = preSolution
		Debug|x64 = Debug|x64
		Debug|x86 = Debug|x86
		Release|x64 = Release|x64
		Release|x86 = Release|x86
	EndGlobalSection
	GlobalSection(ProjectConfigurationPlatforms) = postSolution
		{E79E60F5-59FA-41FE-9AFE-D111148A4002}.Debug|x64.ActiveCfg = Debug|x64
		{E79E60F5-59FA-41FE-9AFE-D111148A4002}.Debug|x64.Build.0 = Debug|x64
		{E79E60F5-59FA-41FE-9AFE-D111148A4002}.Debug|x86.ActiveCfg = Debug|Win32
		{E79E60F5-59FA-41FE-9AFE-D111148A4002}.Debug|x86.Build.0 = Debug|Win32
		{E79E60F5-59FA-41FE-9AFE-D111148A4002}.Release|x64.ActiveCfg = Release|x64
		{E79E60F5-59FA-41FE-9AFE-D111148A4002}.Release|x64.Build.0 = Release|x64
		{E79E60F5-59FA-41FE-9AFE-D111148A4002}.Release|x86.ActiveCfg = Release|Win32
		{E79E60F5-59FA-41FE-9AFE-D111148A4002}.Release|x86.Build.0 = Release|Win32
	EndGlobalSection
	GlobalSection(SolutionProperties) = preSolution
		HideSolutionNode = FALSE
	EndGlobalSection
	GlobalSection(ExtensibilityGlobals) = postSolution
		SolutionGuid = {F7BEFC2F-ACE8-42EC-99C6-0AD9D9A5F40B}
	EndGlobalSection
EndGlobal
